# This file is autogenerated, do not edit; changes may be undone by the next 'dep ensure'.


[[projects]]
  branch = "master"
  name = "github.com/GiterLab/urllib"
  packages = ["."]
  revision = "ea0e875f90303d1469067f22ccda69f903380a87"

[[projects]]
  branch = "master"
  name = "github.com/tobyzxj/uuid"
  packages = ["."]
  revision = "aa0153c14395f4431fe668071eeda5d4a0290f95"

[solve-meta]
  analyzer-name = "dep"
  analyzer-version = 1
  inputs-digest = "0c02bb14021438d64432f192805746afee930bdaf44e24647a1dac54dde11d2b"
  solver-name = "gps-cdcl"
  solver-version = 1
